{
  "version": 4,
  "terraform_version": "1.3.9",
  "serial": 11,
  "lineage": "f84b5a44-a0d0-10db-13f1-19c8127dcb43",
  "outputs": {},
  "resources": [
    {
      "mode": "data",
      "type": "databricks_current_user",
      "name": "me",
      "provider": "provider[\"registry.terraform.io/databricks/databricks\"]",
      "instances": [
        {
          "schema_version": 0,
          "attributes": {
            "alphanumeric": "srijit_nair",
            "external_id": "",
            "home": "/Users/srijit.nair@databricks.com",
            "id": "6410240913853365",
            "repos": "/Repos/srijit.nair@databricks.com",
            "user_name": "srijit.nair@databricks.com",
            "workspace_url": "https://e2-demo-field-eng.cloud.databricks.com"
          },
          "sensitive_attributes": []
        }
      ]
    },
    {
      "mode": "data",
      "type": "databricks_node_type",
      "name": "smallest",
      "provider": "provider[\"registry.terraform.io/databricks/databricks\"]",
      "instances": [
        {
          "schema_version": 0,
          "attributes": {
            "category": null,
            "fleet": null,
            "gb_per_core": null,
            "graviton": null,
            "id": "m5d.large",
            "is_io_cache_enabled": null,
            "local_disk": true,
            "local_disk_min_size": null,
            "min_cores": null,
            "min_gpus": null,
            "min_memory_gb": null,
            "photon_driver_capable": null,
            "photon_worker_capable": null,
            "support_port_forwarding": null
          },
          "sensitive_attributes": []
        }
      ]
    },
    {
      "mode": "data",
      "type": "databricks_spark_version",
      "name": "latest_lts",
      "provider": "provider[\"registry.terraform.io/databricks/databricks\"]",
      "instances": [
        {
          "schema_version": 0,
          "attributes": {
            "beta": null,
            "genomics": null,
            "gpu": null,
            "graviton": null,
            "id": "12.2.x-scala2.12",
            "latest": true,
            "long_term_support": true,
            "ml": null,
            "photon": null,
            "scala": "2.12",
            "spark_version": null
          },
          "sensitive_attributes": []
        }
      ]
    },
    {
      "mode": "managed",
      "type": "databricks_job",
      "name": "ingestion_job",
      "provider": "provider[\"registry.terraform.io/databricks/databricks\"]",
      "instances": [
        {
          "schema_version": 2,
          "attributes": {
            "always_running": false,
            "compute": [],
            "continuous": [],
            "dbt_task": [],
            "email_notifications": [
              {
                "alert_on_last_attempt": false,
                "no_alert_for_skipped_runs": false,
                "on_failure": [
                  "srijit.nair@databricks.com"
                ],
                "on_start": null,
                "on_success": [
                  "srijit.nair@databricks.com"
                ]
              }
            ],
            "existing_cluster_id": null,
            "format": "MULTI_TASK",
            "git_source": [
              {
                "branch": "develop",
                "commit": "",
                "provider": "gitHub",
                "tag": "",
                "url": "https://github.com/srijitcn/workflow_demo"
              }
            ],
            "id": "278641103137688",
            "job_cluster": [
              {
                "job_cluster_key": "job_cluster_1",
                "new_cluster": [
                  {
                    "apply_policy_default_values": false,
                    "autoscale": [
                      {
                        "max_workers": 4,
                        "min_workers": 2
                      }
                    ],
                    "autotermination_minutes": 0,
                    "aws_attributes": [
                      {
                        "availability": "SPOT_WITH_FALLBACK",
                        "ebs_volume_count": 0,
                        "ebs_volume_size": 0,
                        "ebs_volume_type": "",
                        "first_on_demand": 0,
                        "instance_profile_arn": "",
                        "spot_bid_price_percent": 0,
                        "zone_id": "us-west-2a"
                      }
                    ],
                    "azure_attributes": [],
                    "cluster_id": "",
                    "cluster_log_conf": [],
                    "cluster_mount_info": [],
                    "cluster_name": "",
                    "custom_tags": null,
                    "data_security_mode": "USER_ISOLATION",
                    "docker_image": [],
                    "driver_instance_pool_id": "",
                    "driver_node_type_id": "m5d.large",
                    "enable_elastic_disk": false,
                    "enable_local_disk_encryption": false,
                    "gcp_attributes": [],
                    "idempotency_token": "",
                    "init_scripts": [],
                    "instance_pool_id": "",
                    "node_type_id": "m5d.large",
                    "num_workers": 0,
                    "policy_id": "",
                    "runtime_engine": "",
                    "single_user_name": "",
                    "spark_conf": null,
                    "spark_env_vars": null,
                    "spark_version": "12.2.x-scala2.12",
                    "ssh_public_keys": null,
                    "workload_type": []
                  }
                ]
              }
            ],
            "library": [],
            "max_concurrent_runs": 1,
            "max_retries": 0,
            "min_retry_interval_millis": 0,
            "name": "gilead_ingestion_job",
            "new_cluster": [],
            "notebook_task": [],
            "notification_settings": [],
            "pipeline_task": [],
            "python_wheel_task": [],
            "queue": [],
            "retry_on_timeout": false,
            "run_as": [],
            "schedule": [],
            "spark_jar_task": [],
            "spark_python_task": [],
            "spark_submit_task": [],
            "tags": {
              "owner": "srijit.nair@databricks.com"
            },
            "task": [
              {
                "compute_key": "",
                "condition_task": [],
                "dbt_task": [],
                "depends_on": [],
                "description": "",
                "email_notifications": [
                  {
                    "alert_on_last_attempt": false,
                    "no_alert_for_skipped_runs": false,
                    "on_failure": [],
                    "on_start": [],
                    "on_success": []
                  }
                ],
                "existing_cluster_id": "",
                "job_cluster_key": "job_cluster_1",
                "library": [],
                "max_retries": 1,
                "min_retry_interval_millis": 10000,
                "new_cluster": [],
                "notebook_task": [
                  {
                    "base_parameters": {
                      "catalog_name": "srijit_nair",
                      "schema_name": "gilead"
                    },
                    "notebook_path": "notebooks/init",
                    "source": "GIT"
                  }
                ],
                "pipeline_task": [],
                "python_wheel_task": [],
                "retry_on_timeout": false,
                "run_if": "ALL_SUCCESS",
                "spark_jar_task": [],
                "spark_python_task": [],
                "spark_submit_task": [],
                "sql_task": [],
                "task_key": "1_initialize",
                "timeout_seconds": 1000
              },
              {
                "compute_key": "",
                "condition_task": [],
                "dbt_task": [],
                "depends_on": [
                  {
                    "outcome": "",
                    "task_key": "landing_1001"
                  }
                ],
                "description": "",
                "email_notifications": [
                  {
                    "alert_on_last_attempt": false,
                    "no_alert_for_skipped_runs": false,
                    "on_failure": [],
                    "on_start": [],
                    "on_success": []
                  }
                ],
                "existing_cluster_id": "",
                "job_cluster_key": "job_cluster_1",
                "library": [],
                "max_retries": 1,
                "min_retry_interval_millis": 10000,
                "new_cluster": [],
                "notebook_task": [
                  {
                    "base_parameters": {
                      "catalog_name": "srijit_nair",
                      "file_master_id": "1001",
                      "landing_location": "s3://databricks-e2demofieldengwest/external_location_srijit_nair/gilead/workflow_demo/landing",
                      "schema_name": "gilead",
                      "table_name": "demo_1001"
                    },
                    "notebook_path": "notebooks/ingest",
                    "source": "GIT"
                  }
                ],
                "pipeline_task": [],
                "python_wheel_task": [],
                "retry_on_timeout": false,
                "run_if": "ALL_SUCCESS",
                "spark_jar_task": [],
                "spark_python_task": [],
                "spark_submit_task": [],
                "sql_task": [],
                "task_key": "ingest_1001",
                "timeout_seconds": 10000
              },
              {
                "compute_key": "",
                "condition_task": [],
                "dbt_task": [],
                "depends_on": [
                  {
                    "outcome": "",
                    "task_key": "landing_1002"
                  }
                ],
                "description": "",
                "email_notifications": [
                  {
                    "alert_on_last_attempt": false,
                    "no_alert_for_skipped_runs": false,
                    "on_failure": [],
                    "on_start": [],
                    "on_success": []
                  }
                ],
                "existing_cluster_id": "",
                "job_cluster_key": "job_cluster_1",
                "library": [],
                "max_retries": 1,
                "min_retry_interval_millis": 10000,
                "new_cluster": [],
                "notebook_task": [
                  {
                    "base_parameters": {
                      "catalog_name": "srijit_nair",
                      "file_master_id": "1002",
                      "landing_location": "s3://databricks-e2demofieldengwest/external_location_srijit_nair/gilead/workflow_demo/landing",
                      "schema_name": "gilead",
                      "table_name": "demo_1002"
                    },
                    "notebook_path": "notebooks/ingest",
                    "source": "GIT"
                  }
                ],
                "pipeline_task": [],
                "python_wheel_task": [],
                "retry_on_timeout": false,
                "run_if": "ALL_SUCCESS",
                "spark_jar_task": [],
                "spark_python_task": [],
                "spark_submit_task": [],
                "sql_task": [],
                "task_key": "ingest_1002",
                "timeout_seconds": 10000
              },
              {
                "compute_key": "",
                "condition_task": [],
                "dbt_task": [],
                "depends_on": [
                  {
                    "outcome": "",
                    "task_key": "landing_1003"
                  }
                ],
                "description": "",
                "email_notifications": [
                  {
                    "alert_on_last_attempt": false,
                    "no_alert_for_skipped_runs": false,
                    "on_failure": [],
                    "on_start": [],
                    "on_success": []
                  }
                ],
                "existing_cluster_id": "",
                "job_cluster_key": "job_cluster_1",
                "library": [],
                "max_retries": 1,
                "min_retry_interval_millis": 10000,
                "new_cluster": [],
                "notebook_task": [
                  {
                    "base_parameters": {
                      "catalog_name": "srijit_nair",
                      "file_master_id": "1003",
                      "landing_location": "s3://databricks-e2demofieldengwest/external_location_srijit_nair/gilead/workflow_demo/landing",
                      "schema_name": "gilead",
                      "table_name": "demo_1003"
                    },
                    "notebook_path": "notebooks/ingest",
                    "source": "GIT"
                  }
                ],
                "pipeline_task": [],
                "python_wheel_task": [],
                "retry_on_timeout": false,
                "run_if": "ALL_SUCCESS",
                "spark_jar_task": [],
                "spark_python_task": [],
                "spark_submit_task": [],
                "sql_task": [],
                "task_key": "ingest_1003",
                "timeout_seconds": 10000
              },
              {
                "compute_key": "",
                "condition_task": [],
                "dbt_task": [],
                "depends_on": [
                  {
                    "outcome": "",
                    "task_key": "landing_1004"
                  }
                ],
                "description": "",
                "email_notifications": [
                  {
                    "alert_on_last_attempt": false,
                    "no_alert_for_skipped_runs": false,
                    "on_failure": [],
                    "on_start": [],
                    "on_success": []
                  }
                ],
                "existing_cluster_id": "",
                "job_cluster_key": "job_cluster_1",
                "library": [],
                "max_retries": 1,
                "min_retry_interval_millis": 10000,
                "new_cluster": [],
                "notebook_task": [
                  {
                    "base_parameters": {
                      "catalog_name": "srijit_nair",
                      "file_master_id": "1004",
                      "landing_location": "s3://databricks-e2demofieldengwest/external_location_srijit_nair/gilead/workflow_demo/landing",
                      "schema_name": "gilead",
                      "table_name": "demo_1004"
                    },
                    "notebook_path": "notebooks/ingest",
                    "source": "GIT"
                  }
                ],
                "pipeline_task": [],
                "python_wheel_task": [],
                "retry_on_timeout": false,
                "run_if": "ALL_SUCCESS",
                "spark_jar_task": [],
                "spark_python_task": [],
                "spark_submit_task": [],
                "sql_task": [],
                "task_key": "ingest_1004",
                "timeout_seconds": 10000
              },
              {
                "compute_key": "",
                "condition_task": [],
                "dbt_task": [],
                "depends_on": [
                  {
                    "outcome": "",
                    "task_key": "landing_1005"
                  }
                ],
                "description": "",
                "email_notifications": [
                  {
                    "alert_on_last_attempt": false,
                    "no_alert_for_skipped_runs": false,
                    "on_failure": [],
                    "on_start": [],
                    "on_success": []
                  }
                ],
                "existing_cluster_id": "",
                "job_cluster_key": "job_cluster_1",
                "library": [],
                "max_retries": 1,
                "min_retry_interval_millis": 10000,
                "new_cluster": [],
                "notebook_task": [
                  {
                    "base_parameters": {
                      "catalog_name": "srijit_nair",
                      "file_master_id": "1005",
                      "landing_location": "s3://databricks-e2demofieldengwest/external_location_srijit_nair/gilead/workflow_demo/landing",
                      "schema_name": "gilead",
                      "table_name": "demo_1005"
                    },
                    "notebook_path": "notebooks/ingest",
                    "source": "GIT"
                  }
                ],
                "pipeline_task": [],
                "python_wheel_task": [],
                "retry_on_timeout": false,
                "run_if": "ALL_SUCCESS",
                "spark_jar_task": [],
                "spark_python_task": [],
                "spark_submit_task": [],
                "sql_task": [],
                "task_key": "ingest_1005",
                "timeout_seconds": 10000
              },
              {
                "compute_key": "",
                "condition_task": [],
                "dbt_task": [],
                "depends_on": [
                  {
                    "outcome": "",
                    "task_key": "pre_landing_1001"
                  }
                ],
                "description": "",
                "email_notifications": [
                  {
                    "alert_on_last_attempt": false,
                    "no_alert_for_skipped_runs": false,
                    "on_failure": [],
                    "on_start": [],
                    "on_success": []
                  }
                ],
                "existing_cluster_id": "",
                "job_cluster_key": "job_cluster_1",
                "library": [],
                "max_retries": 1,
                "min_retry_interval_millis": 10000,
                "new_cluster": [],
                "notebook_task": [
                  {
                    "base_parameters": {
                      "dest_data_location": "s3://databricks-e2demofieldengwest/external_location_srijit_nair/gilead/workflow_demo/landing",
                      "file_master_id": "1001",
                      "src_data_location": "s3://databricks-e2demofieldengwest/external_location_srijit_nair/gilead/workflow_demo/src"
                    },
                    "notebook_path": "notebooks/landing",
                    "source": "GIT"
                  }
                ],
                "pipeline_task": [],
                "python_wheel_task": [],
                "retry_on_timeout": false,
                "run_if": "ALL_SUCCESS",
                "spark_jar_task": [],
                "spark_python_task": [],
                "spark_submit_task": [],
                "sql_task": [],
                "task_key": "landing_1001",
                "timeout_seconds": 10000
              },
              {
                "compute_key": "",
                "condition_task": [],
                "dbt_task": [],
                "depends_on": [
                  {
                    "outcome": "",
                    "task_key": "pre_landing_1002"
                  }
                ],
                "description": "",
                "email_notifications": [
                  {
                    "alert_on_last_attempt": false,
                    "no_alert_for_skipped_runs": false,
                    "on_failure": [],
                    "on_start": [],
                    "on_success": []
                  }
                ],
                "existing_cluster_id": "",
                "job_cluster_key": "job_cluster_1",
                "library": [],
                "max_retries": 1,
                "min_retry_interval_millis": 10000,
                "new_cluster": [],
                "notebook_task": [
                  {
                    "base_parameters": {
                      "dest_data_location": "s3://databricks-e2demofieldengwest/external_location_srijit_nair/gilead/workflow_demo/landing",
                      "file_master_id": "1002",
                      "src_data_location": "s3://databricks-e2demofieldengwest/external_location_srijit_nair/gilead/workflow_demo/src"
                    },
                    "notebook_path": "notebooks/landing",
                    "source": "GIT"
                  }
                ],
                "pipeline_task": [],
                "python_wheel_task": [],
                "retry_on_timeout": false,
                "run_if": "ALL_SUCCESS",
                "spark_jar_task": [],
                "spark_python_task": [],
                "spark_submit_task": [],
                "sql_task": [],
                "task_key": "landing_1002",
                "timeout_seconds": 10000
              },
              {
                "compute_key": "",
                "condition_task": [],
                "dbt_task": [],
                "depends_on": [
                  {
                    "outcome": "",
                    "task_key": "pre_landing_1003"
                  }
                ],
                "description": "",
                "email_notifications": [
                  {
                    "alert_on_last_attempt": false,
                    "no_alert_for_skipped_runs": false,
                    "on_failure": [],
                    "on_start": [],
                    "on_success": []
                  }
                ],
                "existing_cluster_id": "",
                "job_cluster_key": "job_cluster_1",
                "library": [],
                "max_retries": 1,
                "min_retry_interval_millis": 10000,
                "new_cluster": [],
                "notebook_task": [
                  {
                    "base_parameters": {
                      "dest_data_location": "s3://databricks-e2demofieldengwest/external_location_srijit_nair/gilead/workflow_demo/landing",
                      "file_master_id": "1003",
                      "src_data_location": "s3://databricks-e2demofieldengwest/external_location_srijit_nair/gilead/workflow_demo/src"
                    },
                    "notebook_path": "notebooks/landing",
                    "source": "GIT"
                  }
                ],
                "pipeline_task": [],
                "python_wheel_task": [],
                "retry_on_timeout": false,
                "run_if": "ALL_SUCCESS",
                "spark_jar_task": [],
                "spark_python_task": [],
                "spark_submit_task": [],
                "sql_task": [],
                "task_key": "landing_1003",
                "timeout_seconds": 10000
              },
              {
                "compute_key": "",
                "condition_task": [],
                "dbt_task": [],
                "depends_on": [
                  {
                    "outcome": "",
                    "task_key": "pre_landing_1004"
                  }
                ],
                "description": "",
                "email_notifications": [
                  {
                    "alert_on_last_attempt": false,
                    "no_alert_for_skipped_runs": false,
                    "on_failure": [],
                    "on_start": [],
                    "on_success": []
                  }
                ],
                "existing_cluster_id": "",
                "job_cluster_key": "job_cluster_1",
                "library": [],
                "max_retries": 1,
                "min_retry_interval_millis": 10000,
                "new_cluster": [],
                "notebook_task": [
                  {
                    "base_parameters": {
                      "dest_data_location": "s3://databricks-e2demofieldengwest/external_location_srijit_nair/gilead/workflow_demo/landing",
                      "file_master_id": "1004",
                      "src_data_location": "s3://databricks-e2demofieldengwest/external_location_srijit_nair/gilead/workflow_demo/src"
                    },
                    "notebook_path": "notebooks/landing",
                    "source": "GIT"
                  }
                ],
                "pipeline_task": [],
                "python_wheel_task": [],
                "retry_on_timeout": false,
                "run_if": "ALL_SUCCESS",
                "spark_jar_task": [],
                "spark_python_task": [],
                "spark_submit_task": [],
                "sql_task": [],
                "task_key": "landing_1004",
                "timeout_seconds": 10000
              },
              {
                "compute_key": "",
                "condition_task": [],
                "dbt_task": [],
                "depends_on": [
                  {
                    "outcome": "",
                    "task_key": "pre_landing_1005"
                  }
                ],
                "description": "",
                "email_notifications": [
                  {
                    "alert_on_last_attempt": false,
                    "no_alert_for_skipped_runs": false,
                    "on_failure": [],
                    "on_start": [],
                    "on_success": []
                  }
                ],
                "existing_cluster_id": "",
                "job_cluster_key": "job_cluster_1",
                "library": [],
                "max_retries": 1,
                "min_retry_interval_millis": 10000,
                "new_cluster": [],
                "notebook_task": [
                  {
                    "base_parameters": {
                      "dest_data_location": "s3://databricks-e2demofieldengwest/external_location_srijit_nair/gilead/workflow_demo/landing",
                      "file_master_id": "1005",
                      "src_data_location": "s3://databricks-e2demofieldengwest/external_location_srijit_nair/gilead/workflow_demo/src"
                    },
                    "notebook_path": "notebooks/landing",
                    "source": "GIT"
                  }
                ],
                "pipeline_task": [],
                "python_wheel_task": [],
                "retry_on_timeout": false,
                "run_if": "ALL_SUCCESS",
                "spark_jar_task": [],
                "spark_python_task": [],
                "spark_submit_task": [],
                "sql_task": [],
                "task_key": "landing_1005",
                "timeout_seconds": 10000
              },
              {
                "compute_key": "",
                "condition_task": [],
                "dbt_task": [],
                "depends_on": [
                  {
                    "outcome": "",
                    "task_key": "1_initialize"
                  }
                ],
                "description": "",
                "email_notifications": [
                  {
                    "alert_on_last_attempt": false,
                    "no_alert_for_skipped_runs": false,
                    "on_failure": [],
                    "on_start": [],
                    "on_success": []
                  }
                ],
                "existing_cluster_id": "",
                "job_cluster_key": "job_cluster_1",
                "library": [],
                "max_retries": 1,
                "min_retry_interval_millis": 10000,
                "new_cluster": [],
                "notebook_task": [
                  {
                    "base_parameters": {
                      "file_master_id": "1001",
                      "src_data_location": "s3://databricks-e2demofieldengwest/external_location_srijit_nair/gilead/workflow_demo/src"
                    },
                    "notebook_path": "notebooks/pre_landing",
                    "source": "GIT"
                  }
                ],
                "pipeline_task": [],
                "python_wheel_task": [],
                "retry_on_timeout": false,
                "run_if": "ALL_SUCCESS",
                "spark_jar_task": [],
                "spark_python_task": [],
                "spark_submit_task": [],
                "sql_task": [],
                "task_key": "pre_landing_1001",
                "timeout_seconds": 10000
              },
              {
                "compute_key": "",
                "condition_task": [],
                "dbt_task": [],
                "depends_on": [
                  {
                    "outcome": "",
                    "task_key": "1_initialize"
                  }
                ],
                "description": "",
                "email_notifications": [
                  {
                    "alert_on_last_attempt": false,
                    "no_alert_for_skipped_runs": false,
                    "on_failure": [],
                    "on_start": [],
                    "on_success": []
                  }
                ],
                "existing_cluster_id": "",
                "job_cluster_key": "job_cluster_1",
                "library": [],
                "max_retries": 1,
                "min_retry_interval_millis": 10000,
                "new_cluster": [],
                "notebook_task": [
                  {
                    "base_parameters": {
                      "file_master_id": "1002",
                      "src_data_location": "s3://databricks-e2demofieldengwest/external_location_srijit_nair/gilead/workflow_demo/src"
                    },
                    "notebook_path": "notebooks/pre_landing",
                    "source": "GIT"
                  }
                ],
                "pipeline_task": [],
                "python_wheel_task": [],
                "retry_on_timeout": false,
                "run_if": "ALL_SUCCESS",
                "spark_jar_task": [],
                "spark_python_task": [],
                "spark_submit_task": [],
                "sql_task": [],
                "task_key": "pre_landing_1002",
                "timeout_seconds": 10000
              },
              {
                "compute_key": "",
                "condition_task": [],
                "dbt_task": [],
                "depends_on": [
                  {
                    "outcome": "",
                    "task_key": "1_initialize"
                  }
                ],
                "description": "",
                "email_notifications": [
                  {
                    "alert_on_last_attempt": false,
                    "no_alert_for_skipped_runs": false,
                    "on_failure": [],
                    "on_start": [],
                    "on_success": []
                  }
                ],
                "existing_cluster_id": "",
                "job_cluster_key": "job_cluster_1",
                "library": [],
                "max_retries": 1,
                "min_retry_interval_millis": 10000,
                "new_cluster": [],
                "notebook_task": [
                  {
                    "base_parameters": {
                      "file_master_id": "1003",
                      "src_data_location": "s3://databricks-e2demofieldengwest/external_location_srijit_nair/gilead/workflow_demo/src"
                    },
                    "notebook_path": "notebooks/pre_landing",
                    "source": "GIT"
                  }
                ],
                "pipeline_task": [],
                "python_wheel_task": [],
                "retry_on_timeout": false,
                "run_if": "ALL_SUCCESS",
                "spark_jar_task": [],
                "spark_python_task": [],
                "spark_submit_task": [],
                "sql_task": [],
                "task_key": "pre_landing_1003",
                "timeout_seconds": 10000
              },
              {
                "compute_key": "",
                "condition_task": [],
                "dbt_task": [],
                "depends_on": [
                  {
                    "outcome": "",
                    "task_key": "1_initialize"
                  }
                ],
                "description": "",
                "email_notifications": [
                  {
                    "alert_on_last_attempt": false,
                    "no_alert_for_skipped_runs": false,
                    "on_failure": [],
                    "on_start": [],
                    "on_success": []
                  }
                ],
                "existing_cluster_id": "",
                "job_cluster_key": "job_cluster_1",
                "library": [],
                "max_retries": 1,
                "min_retry_interval_millis": 10000,
                "new_cluster": [],
                "notebook_task": [
                  {
                    "base_parameters": {
                      "file_master_id": "1004",
                      "src_data_location": "s3://databricks-e2demofieldengwest/external_location_srijit_nair/gilead/workflow_demo/src"
                    },
                    "notebook_path": "notebooks/pre_landing",
                    "source": "GIT"
                  }
                ],
                "pipeline_task": [],
                "python_wheel_task": [],
                "retry_on_timeout": false,
                "run_if": "ALL_SUCCESS",
                "spark_jar_task": [],
                "spark_python_task": [],
                "spark_submit_task": [],
                "sql_task": [],
                "task_key": "pre_landing_1004",
                "timeout_seconds": 10000
              },
              {
                "compute_key": "",
                "condition_task": [],
                "dbt_task": [],
                "depends_on": [
                  {
                    "outcome": "",
                    "task_key": "1_initialize"
                  }
                ],
                "description": "",
                "email_notifications": [
                  {
                    "alert_on_last_attempt": false,
                    "no_alert_for_skipped_runs": false,
                    "on_failure": [],
                    "on_start": [],
                    "on_success": []
                  }
                ],
                "existing_cluster_id": "",
                "job_cluster_key": "job_cluster_1",
                "library": [],
                "max_retries": 1,
                "min_retry_interval_millis": 10000,
                "new_cluster": [],
                "notebook_task": [
                  {
                    "base_parameters": {
                      "file_master_id": "1005",
                      "src_data_location": "s3://databricks-e2demofieldengwest/external_location_srijit_nair/gilead/workflow_demo/src"
                    },
                    "notebook_path": "notebooks/pre_landing",
                    "source": "GIT"
                  }
                ],
                "pipeline_task": [],
                "python_wheel_task": [],
                "retry_on_timeout": false,
                "run_if": "ALL_SUCCESS",
                "spark_jar_task": [],
                "spark_python_task": [],
                "spark_submit_task": [],
                "sql_task": [],
                "task_key": "pre_landing_1005",
                "timeout_seconds": 10000
              }
            ],
            "timeout_seconds": 0,
            "timeouts": null,
            "trigger": [],
            "url": "https://e2-demo-field-eng.cloud.databricks.com/#job/278641103137688",
            "webhook_notifications": [
              {
                "on_failure": [],
                "on_start": [],
                "on_success": []
              }
            ]
          },
          "sensitive_attributes": [],
          "private": "eyJlMmJmYjczMC1lY2FhLTExZTYtOGY4OC0zNDM2M2JjN2M0YzAiOnsiY3JlYXRlIjoxODAwMDAwMDAwMDAwLCJ1cGRhdGUiOjE4MDAwMDAwMDAwMDB9LCJzY2hlbWFfdmVyc2lvbiI6IjIifQ==",
          "dependencies": [
            "data.databricks_node_type.smallest",
            "data.databricks_spark_version.latest_lts"
          ]
        }
      ]
    }
  ],
  "check_results": null
}
